
Microsoft Visual Studio Solution File, Format Version 12.00
# Visual Studio Version 17
VisualStudioVersion = 17.4.33213.308
MinimumVisualStudioVersion = 10.0.40219.1
Project("{8BC9CEB8-8B4A-11D0-8D11-00A0C91BC942}") = "Car Class", "Car Class\Car Class.vcxproj", "{53BC1A85-0990-49F2-813E-37828AEFE60A}"
EndProject
Global
	GlobalSection(SolutionConfigurationPlatforms) = preSolution
		Debug|x64 = Debug|x64
		Debug|x86 = Debug|x86
		Release|x64 = Release|x64
		Release|x86 = Release|x86
	EndGlobalSection
	GlobalSection(ProjectConfigurationPlatforms) = postSolution
		{53BC1A85-0990-49F2-813E-37828AEFE60A}.Debug|x64.ActiveCfg = Debug|x64
		{53BC1A85-0990-49F2-813E-37828AEFE60A}.Debug|x64.Build.0 = Debug|x64
		{53BC1A85-0990-49F2-813E-37828AEFE60A}.Debug|x86.ActiveCfg = Debug|Win32
		{53BC1A85-0990-49F2-813E-37828AEFE60A}.Debug|x86.Build.0 = Debug|Win32
		{53BC1A85-0990-49F2-813E-37828AEFE60A}.Release|x64.ActiveCfg = Release|x64
		{53BC1A85-0990-49F2-813E-37828AEFE60A}.Release|x64.Build.0 = Release|x64
		{53BC1A85-0990-49F2-813E-37828AEFE60A}.Release|x86.ActiveCfg = Release|Win32
		{53BC1A85-0990-49F2-813E-37828AEFE60A}.Release|x86.Build.0 = Release|Win32
	EndGlobalSection
	GlobalSection(SolutionProperties) = preSolution
		HideSolutionNode = FALSE
	EndGlobalSection
	GlobalSection(ExtensibilityGlobals) = postSolution
		SolutionGuid = {1A3A5E3C-DEF6-48B0-AD3F-F152425F5203}
	EndGlobalSection
EndGlobal
